
Microsoft Visual Studio Solution File, Format Version 12.00
# Visual Studio 14
VisualStudioVersion = 14.0.25420.1
MinimumVisualStudioVersion = 10.0.40219.1
Project("{FAE04EC0-301F-11D3-BF4B-00C04F79EFBC}") = "Continental", "Game.csproj", "{6FA3D079-580B-4231-A250-FC48BA63B534}"
EndProject
Project("{FAE04EC0-301F-11D3-BF4B-00C04F79EFBC}") = "Continental.Tests", "Continental.Tests\ContinentalTests.csproj", "{23B1FEA5-754A-459D-872C-B2700F4EAADF}"
EndProject
Global
	GlobalSection(SolutionConfigurationPlatforms) = preSolution
		Debug|Any CPU = Debug|Any CPU
		Release|Any CPU = Release|Any CPU
	EndGlobalSection
	GlobalSection(ProjectConfigurationPlatforms) = postSolution
		{6FA3D079-580B-4231-A250-FC48BA63B534}.Debug|Any CPU.ActiveCfg = Debug|Any CPU
		{6FA3D079-580B-4231-A250-FC48BA63B534}.Debug|Any CPU.Build.0 = Debug|Any CPU
		{6FA3D079-580B-4231-A250-FC48BA63B534}.Release|Any CPU.ActiveCfg = Release|Any CPU
		{6FA3D079-580B-4231-A250-FC48BA63B534}.Release|Any CPU.Build.0 = Release|Any CPU
		{23B1FEA5-754A-459D-872C-B2700F4EAADF}.Debug|Any CPU.ActiveCfg = Debug|Any CPU
		{23B1FEA5-754A-459D-872C-B2700F4EAADF}.Debug|Any CPU.Build.0 = Debug|Any CPU
		{23B1FEA5-754A-459D-872C-B2700F4EAADF}.Release|Any CPU.ActiveCfg = Release|Any CPU
		{23B1FEA5-754A-459D-872C-B2700F4EAADF}.Release|Any CPU.Build.0 = Release|Any CPU
	EndGlobalSection
	GlobalSection(SolutionProperties) = preSolution
		HideSolutionNode = FALSE
	EndGlobalSection
EndGlobal
